
Microsoft Visual Studio Solution File, Format Version 11.00
# Visual Studio 2010
Project("{8BC9CEB8-8B4A-11D0-8D11-00A0C91BC942}") = "dsrc20", "src\dsrc20-vs2k10.vcxproj", "{18A8ACEE-A880-4431-9299-013E3CDB3EF5}"
EndProject
Global
	GlobalSection(SolutionConfigurationPlatforms) = preSolution
		Debug lib|x64 = Debug lib|x64
		Debug|x64 = Debug|x64
		Release Lib|x64 = Release Lib|x64
		Release|x64 = Release|x64
	EndGlobalSection
	GlobalSection(ProjectConfigurationPlatforms) = postSolution
		{18A8ACEE-A880-4431-9299-013E3CDB3EF5}.Debug lib|x64.ActiveCfg = Debug lib|x64
		{18A8ACEE-A880-4431-9299-013E3CDB3EF5}.Debug lib|x64.Build.0 = Debug lib|x64
		{18A8ACEE-A880-4431-9299-013E3CDB3EF5}.Debug|x64.ActiveCfg = Debug|x64
		{18A8ACEE-A880-4431-9299-013E3CDB3EF5}.Debug|x64.Build.0 = Debug|x64
		{18A8ACEE-A880-4431-9299-013E3CDB3EF5}.Release Lib|x64.ActiveCfg = Release Lib|x64
		{18A8ACEE-A880-4431-9299-013E3CDB3EF5}.Release Lib|x64.Build.0 = Release Lib|x64
		{18A8ACEE-A880-4431-9299-013E3CDB3EF5}.Release|x64.ActiveCfg = Release|x64
		{18A8ACEE-A880-4431-9299-013E3CDB3EF5}.Release|x64.Build.0 = Release|x64
	EndGlobalSection
	GlobalSection(SolutionProperties) = preSolution
		HideSolutionNode = FALSE
	EndGlobalSection
EndGlobal
