<?xml version="1.0" encoding="utf-8"?>
<Project ToolsVersion="4.0" xmlns="http://schemas.microsoft.com/developer/msbuild/2003">
  <ItemGroup>
    <Filter Include="Source Files">
      <UniqueIdentifier>{4FC737F1-C7A5-4376-A066-2A32D752A2FF}</UniqueIdentifier>
      <Extensions>cpp;c;cc;cxx;def;odl;idl;hpj;bat;asm;asmx</Extensions>
    </Filter>
    <Filter Include="Header Files">
      <UniqueIdentifier>{93995380-89BD-4b04-88EB-625FBE52EBFB}</UniqueIdentifier>
      <Extensions>h;hpp;hxx;hm;inl;inc;xsd</Extensions>
    </Filter>
    <Filter Include="Resource Files">
      <UniqueIdentifier>{67DA6AB6-F800-4c08-8B7A-83BB121AAD01}</UniqueIdentifier>
      <Extensions>rc;ico;cur;bmp;dlg;rc2;rct;bin;rgs;gif;jpg;jpeg;jpe;resx;tiff;tif;png;wav;mfcribbon-ms</Extensions>
    </Filter>
    <Filter Include="Header Files\lib">
      <UniqueIdentifier>{8bff4ab3-3216-4f6f-b0f2-12d4c8130df9}</UniqueIdentifier>
    </Filter>
    <Filter Include="Source Files\lib">
      <UniqueIdentifier>{4bc76df4-f44d-41dd-826b-6a03eb16e0e7}</UniqueIdentifier>
    </Filter>
  </ItemGroup>
  <ItemGroup>
    <ClCompile Include="BlockCompressor.cpp">
      <Filter>Source Files</Filter>
    </ClCompile>
    <ClCompile Include="DnaModelerHuffman.cpp">
      <Filter>Source Files</Filter>
    </ClCompile>
    <ClCompile Include="DsrcFile.cpp">
      <Filter>Source Files</Filter>
    </ClCompile>
    <ClCompile Include="DsrcOperator.cpp">
      <Filter>Source Files</Filter>
    </ClCompile>
    <ClCompile Include="FastqIo.cpp">
      <Filter>Source Files</Filter>
    </ClCompile>
    <ClCompile Include="DsrcIo.cpp">
      <Filter>Source Files</Filter>
    </ClCompile>
    <ClCompile Include="FastqParser.cpp">
      <Filter>Source Files</Filter>
    </ClCompile>
    <ClCompile Include="FastqStream.cpp">
      <Filter>Source Files</Filter>
    </ClCompile>
    <ClCompile Include="FileStream.cpp">
      <Filter>Source Files</Filter>
    </ClCompile>
    <ClCompile Include="huffman.cpp">
      <Filter>Source Files</Filter>
    </ClCompile>
    <ClCompile Include="main.cpp">
      <Filter>Source Files</Filter>
    </ClCompile>
    <ClCompile Include="QualityPositionModeler.cpp">
      <Filter>Source Files</Filter>
    </ClCompile>
    <ClCompile Include="QualityRLEModeler.cpp">
      <Filter>Source Files</Filter>
    </ClCompile>
    <ClCompile Include="RecordsProcessor.cpp">
      <Filter>Source Files</Filter>
    </ClCompile>
    <ClCompile Include="TagModeler.cpp">
      <Filter>Source Files</Filter>
    </ClCompile>
    <ClCompile Include="DsrcWorker.cpp">
      <Filter>Source Files</Filter>
    </ClCompile>
    <ClCompile Include="StdStream.cpp">
      <Filter>Source Files</Filter>
    </ClCompile>
    <ClCompile Include="BlockCompressorExt.cpp">
      <Filter>Source Files</Filter>
    </ClCompile>
    <ClCompile Include="Configurable.cpp">
      <Filter>Source Files</Filter>
    </ClCompile>
    <ClCompile Include="DsrcArchive.cpp">
      <Filter>Source Files</Filter>
    </ClCompile>
    <ClCompile Include="DsrcModule.cpp">
      <Filter>Source Files</Filter>
    </ClCompile>
    <ClCompile Include="FastqFile.cpp">
      <Filter>Source Files</Filter>
    </ClCompile>
  </ItemGroup>
  <ItemGroup>
    <ClInclude Include="BitMemory.h">
      <Filter>Header Files</Filter>
    </ClInclude>
    <ClInclude Include="BlockCompressor.h">
      <Filter>Header Files</Filter>
    </ClInclude>
    <ClInclude Include="Buffer.h">
      <Filter>Header Files</Filter>
    </ClInclude>
    <ClInclude Include="Crc32.h">
      <Filter>Header Files</Filter>
    </ClInclude>
    <ClInclude Include="DataPool.h">
      <Filter>Header Files</Filter>
    </ClInclude>
    <ClInclude Include="DataQueue.h">
      <Filter>Header Files</Filter>
    </ClInclude>
    <ClInclude Include="Common.h">
      <Filter>Header Files</Filter>
    </ClInclude>
    <ClInclude Include="DnaModelerBasicB2.h">
      <Filter>Header Files</Filter>
    </ClInclude>
    <ClInclude Include="DnaModeler.h">
      <Filter>Header Files</Filter>
    </ClInclude>
    <ClInclude Include="DnaModelerHuffman.h">
      <Filter>Header Files</Filter>
    </ClInclude>
    <ClInclude Include="DnaModelerProxy.h">
      <Filter>Header Files</Filter>
    </ClInclude>
    <ClInclude Include="DnaModelerRCO.h">
      <Filter>Header Files</Filter>
    </ClInclude>
    <ClInclude Include="DsrcFile.h">
      <Filter>Header Files</Filter>
    </ClInclude>
    <ClInclude Include="DsrcIo.h">
      <Filter>Header Files</Filter>
    </ClInclude>
    <ClInclude Include="DsrcOperator.h">
      <Filter>Header Files</Filter>
    </ClInclude>
    <ClInclude Include="Fastq.h">
      <Filter>Header Files</Filter>
    </ClInclude>
    <ClInclude Include="FastqIo.h">
      <Filter>Header Files</Filter>
    </ClInclude>
    <ClInclude Include="FastqParser.h">
      <Filter>Header Files</Filter>
    </ClInclude>
    <ClInclude Include="ErrorHandler.h">
      <Filter>Header Files</Filter>
    </ClInclude>
    <ClInclude Include="FastqStream.h">
      <Filter>Header Files</Filter>
    </ClInclude>
    <ClInclude Include="FileStream.h">
      <Filter>Header Files</Filter>
    </ClInclude>
    <ClInclude Include="huffman.h">
      <Filter>Header Files</Filter>
    </ClInclude>
    <ClInclude Include="QualityModeler.h">
      <Filter>Header Files</Filter>
    </ClInclude>
    <ClInclude Include="QualityModelerProxy.h">
      <Filter>Header Files</Filter>
    </ClInclude>
    <ClInclude Include="QualityOrderModeler.h">
      <Filter>Header Files</Filter>
    </ClInclude>
    <ClInclude Include="QualityPositionModeler.h">
      <Filter>Header Files</Filter>
    </ClInclude>
    <ClInclude Include="QualityRLEModeler.h">
      <Filter>Header Files</Filter>
    </ClInclude>
    <ClInclude Include="RangeCoder.h">
      <Filter>Header Files</Filter>
    </ClInclude>
    <ClInclude Include="RecordsProcessor.h">
      <Filter>Header Files</Filter>
    </ClInclude>
    <ClInclude Include="Stats.h">
      <Filter>Header Files</Filter>
    </ClInclude>
    <ClInclude Include="SymbolCoderRC.h">
      <Filter>Header Files</Filter>
    </ClInclude>
    <ClInclude Include="TagModeler.h">
      <Filter>Header Files</Filter>
    </ClInclude>
    <ClInclude Include="utils.h">
      <Filter>Header Files</Filter>
    </ClInclude>
    <ClInclude Include="DataStream.h">
      <Filter>Header Files</Filter>
    </ClInclude>
    <ClInclude Include="DsrcWorker.h">
      <Filter>Header Files</Filter>
    </ClInclude>
    <ClInclude Include="QualityEncoder.h">
      <Filter>Header Files</Filter>
    </ClInclude>
    <ClInclude Include="StdStream.h">
      <Filter>Header Files</Filter>
    </ClInclude>
    <ClInclude Include="BlockCompressorExt.h">
      <Filter>Header Files</Filter>
    </ClInclude>
    <ClInclude Include="..\include\dsrc\Globals.h">
      <Filter>Header Files\lib</Filter>
    </ClInclude>
    <ClInclude Include="..\include\dsrc\Configurable.h">
      <Filter>Header Files\lib</Filter>
    </ClInclude>
    <ClInclude Include="..\include\dsrc\Dsrc.h">
      <Filter>Header Files\lib</Filter>
    </ClInclude>
    <ClInclude Include="..\include\dsrc\DsrcArchive.h">
      <Filter>Header Files\lib</Filter>
    </ClInclude>
    <ClInclude Include="..\include\dsrc\DsrcModule.h">
      <Filter>Header Files\lib</Filter>
    </ClInclude>
    <ClInclude Include="..\include\dsrc\FastqFile.h">
      <Filter>Header Files\lib</Filter>
    </ClInclude>
    <ClInclude Include="..\include\dsrc\FastqRecord.h">
      <Filter>Header Files\lib</Filter>
    </ClInclude>
  </ItemGroup>
</Project>